// !$*UTF8*$!
{
	archiveVersion = 1;
	classes = {
	};
	objectVersion = 48;
	objects = {

/* Begin PBXBuildFile section */
		6196452E1FF265B300C08647 /* AppDelegate.swift in Sources */ = {isa = PBXBuildFile; fileRef = 6196452D1FF265B300C08647 /* AppDelegate.swift */; };
		619645351FF265B300C08647 /* Assets.xcassets in Resources */ = {isa = PBXBuildFile; fileRef = 619645341FF265B300C08647 /* Assets.xcassets */; };
		619645381FF265B300C08647 /* LaunchScreen.storyboard in Resources */ = {isa = PBXBuildFile; fileRef = 619645361FF265B300C08647 /* LaunchScreen.storyboard */; };
		619645431FF265B300C08647 /* FirebaseExplorerTests.swift in Sources */ = {isa = PBXBuildFile; fileRef = 619645421FF265B300C08647 /* FirebaseExplorerTests.swift */; };
		6196454E1FF265B400C08647 /* FirebaseExplorerUITests.swift in Sources */ = {isa = PBXBuildFile; fileRef = 6196454D1FF265B400C08647 /* FirebaseExplorerUITests.swift */; };
/* End PBXBuildFile section */

/* Begin PBXContainerItemProxy section */
		6196453F1FF265B300C08647 /* PBXContainerItemProxy */ = {
			isa = PBXContainerItemProxy;
			containerPortal = 619645221FF265B300C08647 /* Project object */;
			proxyType = 1;
			remoteGlobalIDString = 619645291FF265B300C08647;
			remoteInfo = FirebaseExplorer;
		};
		6196454A1FF265B400C08647 /* PBXContainerItemProxy */ = {
			isa = PBXContainerItemProxy;
			containerPortal = 619645221FF265B300C08647 /* Project object */;
			proxyType = 1;
			remoteGlobalIDString = 619645291FF265B300C08647;
			remoteInfo = FirebaseExplorer;
		};
/* End PBXContainerItemProxy section */

/* Begin PBXFileReference section */
		6196452A1FF265B300C08647 /* FirebaseExplorer.app */ = {isa = PBXFileReference; explicitFileType = wrapper.application; includeInIndex = 0; path = FirebaseExplorer.app; sourceTree = BUILT_PRODUCTS_DIR; };
		6196452D1FF265B300C08647 /* AppDelegate.swift */ = {isa = PBXFileReference; lastKnownFileType = sourcecode.swift; path = AppDelegate.swift; sourceTree = "<group>"; };
		619645341FF265B300C08647 /* Assets.xcassets */ = {isa = PBXFileReference; lastKnownFileType = folder.assetcatalog; path = Assets.xcassets; sourceTree = "<group>"; };
		619645371FF265B300C08647 /* Base */ = {isa = PBXFileReference; lastKnownFileType = file.storyboard; name = Base; path = Base.lproj/LaunchScreen.storyboard; sourceTree = "<group>"; };
		619645391FF265B300C08647 /* Info.plist */ = {isa = PBXFileReference; lastKnownFileType = text.plist.xml; path = Info.plist; sourceTree = "<group>"; };
		6196453E1FF265B300C08647 /* FirebaseExplorerTests.xctest */ = {isa = PBXFileReference; explicitFileType = wrapper.cfbundle; includeInIndex = 0; path = FirebaseExplorerTests.xctest; sourceTree = BUILT_PRODUCTS_DIR; };
		619645421FF265B300C08647 /* FirebaseExplorerTests.swift */ = {isa = PBXFileReference; lastKnownFileType = sourcecode.swift; path = FirebaseExplorerTests.swift; sourceTree = "<group>"; };
		619645441FF265B300C08647 /* Info.plist */ = {isa = PBXFileReference; lastKnownFileType = text.plist.xml; path = Info.plist; sourceTree = "<group>"; };
		619645491FF265B400C08647 /* FirebaseExplorerUITests.xctest */ = {isa = PBXFileReference; explicitFileType = wrapper.cfbundle; includeInIndex = 0; path = FirebaseExplorerUITests.xctest; sourceTree = BUILT_PRODUCTS_DIR; };
		6196454D1FF265B400C08647 /* FirebaseExplorerUITests.swift */ = {isa = PBXFileReference; lastKnownFileType = sourcecode.swift; path = FirebaseExplorerUITests.swift; sourceTree = "<group>"; };
		6196454F1FF265B400C08647 /* Info.plist */ = {isa = PBXFileReference; lastKnownFileType = text.plist.xml; path = Info.plist; sourceTree = "<group>"; };
/* End PBXFileReference section */

/* Begin PBXFrameworksBuildPhase section */
		619645271FF265B300C08647 /* Frameworks */ = {
			isa = PBXFrameworksBuildPhase;
			buildActionMask = 2147483647;
			files = (
			);
			runOnlyForDeploymentPostprocessing = 0;
		};
		6196453B1FF265B300C08647 /* Frameworks */ = {
			isa = PBXFrameworksBuildPhase;
			buildActionMask = 2147483647;
			files = (
			);
			runOnlyForDeploymentPostprocessing = 0;
		};
		619645461FF265B400C08647 /* Frameworks */ = {
			isa = PBXFrameworksBuildPhase;
			buildActionMask = 2147483647;
			files = (
			);
			runOnlyForDeploymentPostprocessing = 0;
		};
/* End PBXFrameworksBuildPhase section */

/* Begin PBXGroup section */
		619645211FF265B300C08647 = {
			isa = PBXGroup;
			children = (
				6196452C1FF265B300C08647 /* FirebaseExplorer */,
				619645411FF265B300C08647 /* FirebaseExplorerTests */,
				6196454C1FF265B400C08647 /* FirebaseExplorerUITests */,
				6196452B1FF265B300C08647 /* Products */,
			);
			sourceTree = "<group>";
		};
		6196452B1FF265B300C08647 /* Products */ = {
			isa = PBXGroup;
			children = (
				6196452A1FF265B300C08647 /* FirebaseExplorer.app */,
				6196453E1FF265B300C08647 /* FirebaseExplorerTests.xctest */,
				619645491FF265B400C08647 /* FirebaseExplorerUITests.xctest */,
			);
			name = Products;
			sourceTree = "<group>";
		};
		6196452C1FF265B300C08647 /* FirebaseExplorer */ = {
			isa = PBXGroup;
			children = (
				6196455B1FF267D300C08647 /* Application */,
				6196455C1FF267E300C08647 /* Assets */,
			);
			path = FirebaseExplorer;
			sourceTree = "<group>";
		};
		619645411FF265B300C08647 /* FirebaseExplorerTests */ = {
			isa = PBXGroup;
			children = (
				619645421FF265B300C08647 /* FirebaseExplorerTests.swift */,
				619645441FF265B300C08647 /* Info.plist */,
			);
			path = FirebaseExplorerTests;
			sourceTree = "<group>";
		};
		6196454C1FF265B400C08647 /* FirebaseExplorerUITests */ = {
			isa = PBXGroup;
			children = (
				6196454D1FF265B400C08647 /* FirebaseExplorerUITests.swift */,
				6196454F1FF265B400C08647 /* Info.plist */,
			);
			path = FirebaseExplorerUITests;
			sourceTree = "<group>";
		};
		6196455B1FF267D300C08647 /* Application */ = {
			isa = PBXGroup;
			children = (
				6196452D1FF265B300C08647 /* AppDelegate.swift */,
				619645361FF265B300C08647 /* LaunchScreen.storyboard */,
				619645391FF265B300C08647 /* Info.plist */,
			);
			path = Application;
			sourceTree = "<group>";
		};
		6196455C1FF267E300C08647 /* Assets */ = {
			isa = PBXGroup;
			children = (
				619645341FF265B300C08647 /* Assets.xcassets */,
			);
			path = Assets;
			sourceTree = "<group>";
		};
/* End PBXGroup section */

/* Begin PBXNativeTarget section */
		619645291FF265B300C08647 /* FirebaseExplorer */ = {
			isa = PBXNativeTarget;
			buildConfigurationList = 619645521FF265B400C08647 /* Build configuration list for PBXNativeTarget "FirebaseExplorer" */;
			buildPhases = (
				619645261FF265B300C08647 /* Sources */,
				619645271FF265B300C08647 /* Frameworks */,
				619645281FF265B300C08647 /* Resources */,
			);
			buildRules = (
			);
			dependencies = (
			);
			name = FirebaseExplorer;
			productName = FirebaseExplorer;
			productReference = 6196452A1FF265B300C08647 /* FirebaseExplorer.app */;
			productType = "com.apple.product-type.application";
		};
		6196453D1FF265B300C08647 /* FirebaseExplorerTests */ = {
			isa = PBXNativeTarget;
			buildConfigurationList = 619645551FF265B400C08647 /* Build configuration list for PBXNativeTarget "FirebaseExplorerTests" */;
			buildPhases = (
				6196453A1FF265B300C08647 /* Sources */,
				6196453B1FF265B300C08647 /* Frameworks */,
				6196453C1FF265B300C08647 /* Resources */,
			);
			buildRules = (
			);
			dependencies = (
				619645401FF265B300C08647 /* PBXTargetDependency */,
			);
			name = FirebaseExplorerTests;
			productName = FirebaseExplorerTests;
			productReference = 6196453E1FF265B300C08647 /* FirebaseExplorerTests.xctest */;
			productType = "com.apple.product-type.bundle.unit-test";
		};
		619645481FF265B400C08647 /* FirebaseExplorerUITests */ = {
			isa = PBXNativeTarget;
			buildConfigurationList = 619645581FF265B400C08647 /* Build configuration list for PBXNativeTarget "FirebaseExplorerUITests" */;
			buildPhases = (
				619645451FF265B400C08647 /* Sources */,
				619645461FF265B400C08647 /* Frameworks */,
				619645471FF265B400C08647 /* Resources */,
			);
			buildRules = (
			);
			dependencies = (
				6196454B1FF265B400C08647 /* PBXTargetDependency */,
			);
			name = FirebaseExplorerUITests;
			productName = FirebaseExplorerUITests;
			productReference = 619645491FF265B400C08647 /* FirebaseExplorerUITests.xctest */;
			productType = "com.apple.product-type.bundle.ui-testing";
		};
/* End PBXNativeTarget section */

/* Begin PBXProject section */
		619645221FF265B300C08647 /* Project object */ = {
			isa = PBXProject;
			attributes = {
				LastSwiftUpdateCheck = 0920;
				LastUpgradeCheck = 0920;
				ORGANIZATIONNAME = deuxlapins;
				TargetAttributes = {
					619645291FF265B300C08647 = {
						CreatedOnToolsVersion = 9.2;
						ProvisioningStyle = Automatic;
					};
					6196453D1FF265B300C08647 = {
						CreatedOnToolsVersion = 9.2;
						ProvisioningStyle = Automatic;
						TestTargetID = 619645291FF265B300C08647;
					};
					619645481FF265B400C08647 = {
						CreatedOnToolsVersion = 9.2;
						ProvisioningStyle = Automatic;
						TestTargetID = 619645291FF265B300C08647;
					};
				};
			};
			buildConfigurationList = 619645251FF265B300C08647 /* Build configuration list for PBXProject "FirebaseExplorer" */;
			compatibilityVersion = "Xcode 8.0";
			developmentRegion = en;
			hasScannedForEncodings = 0;
			knownRegions = (
				en,
				Base,
			);
			mainGroup = 619645211FF265B300C08647;
			productRefGroup = 6196452B1FF265B300C08647 /* Products */;
			projectDirPath = "";
			projectRoot = "";
			targets = (
				619645291FF265B300C08647 /* FirebaseExplorer */,
				6196453D1FF265B300C08647 /* FirebaseExplorerTests */,
				619645481FF265B400C08647 /* FirebaseExplorerUITests */,
			);
		};
/* End PBXProject section */

/* Begin PBXResourcesBuildPhase section */
		619645281FF265B300C08647 /* Resources */ = {
			isa = PBXResourcesBuildPhase;
			buildActionMask = 2147483647;
			files = (
				619645381FF265B300C08647 /* LaunchScreen.storyboard in Resources */,
				619645351FF265B300C08647 /* Assets.xcassets in Resources */,
			);
			runOnlyForDeploymentPostprocessing = 0;
		};
		6196453C1FF265B300C08647 /* Resources */ = {
			isa = PBXResourcesBuildPhase;
			buildActionMask = 2147483647;
			files = (
			);
			runOnlyForDeploymentPostprocessing = 0;
		};
		619645471FF265B400C08647 /* Resources */ = {
			isa = PBXResourcesBuildPhase;
			buildActionMask = 2147483647;
			files = (
			);
			runOnlyForDeploymentPostprocessing = 0;
		};
/* End PBXResourcesBuildPhase section */

/* Begin PBXSourcesBuildPhase section */
		619645261FF265B300C08647 /* Sources */ = {
			isa = PBXSourcesBuildPhase;
			buildActionMask = 2147483647;
			files = (
				6196452E1FF265B300C08647 /* AppDelegate.swift in Sources */,
			);
			runOnlyForDeploymentPostprocessing = 0;
		};
		6196453A1FF265B300C08647 /* Sources */ = {
			isa = PBXSourcesBuildPhase;
			buildActionMask = 2147483647;
			files = (
				619645431FF265B300C08647 /* FirebaseExplorerTests.swift in Sources */,
			);
			runOnlyForDeploymentPostprocessing = 0;
		};
		619645451FF265B400C08647 /* Sources */ = {
			isa = PBXSourcesBuildPhase;
			buildActionMask = 2147483647;
			files = (
				6196454E1FF265B400C08647 /* FirebaseExplorerUITests.swift in Sources */,
			);
			runOnlyForDeploymentPostprocessing = 0;
		};
/* End PBXSourcesBuildPhase section */

/* Begin PBXTargetDependency section */
		619645401FF265B300C08647 /* PBXTargetDependency */ = {
			isa = PBXTargetDependency;
			target = 619645291FF265B300C08647 /* FirebaseExplorer */;
			targetProxy = 6196453F1FF265B300C08647 /* PBXContainerItemProxy */;
		};
		6196454B1FF265B400C08647 /* PBXTargetDependency */ = {
			isa = PBXTargetDependency;
			target = 619645291FF265B300C08647 /* FirebaseExplorer */;
			targetProxy = 6196454A1FF265B400C08647 /* PBXContainerItemProxy */;
		};
/* End PBXTargetDependency section */

/* Begin PBXVariantGroup section */
		619645361FF265B300C08647 /* LaunchScreen.storyboard */ = {
			isa = PBXVariantGroup;
			children = (
				619645371FF265B300C08647 /* Base */,
			);
			name = LaunchScreen.storyboard;
			sourceTree = "<group>";
		};
/* End PBXVariantGroup section */

/* Begin XCBuildConfiguration section */
		619645501FF265B400C08647 /* Debug */ = {
			isa = XCBuildConfiguration;
			buildSettings = {
				ALWAYS_SEARCH_USER_PATHS = NO;
				CLANG_ANALYZER_NONNULL = YES;
				CLANG_ANALYZER_NUMBER_OBJECT_CONVERSION = YES_AGGRESSIVE;
				CLANG_CXX_LANGUAGE_STANDARD = "gnu++14";
				CLANG_CXX_LIBRARY = "libc++";
				CLANG_ENABLE_MODULES = YES;
				CLANG_ENABLE_OBJC_ARC = YES;
				CLANG_WARN_BLOCK_CAPTURE_AUTORELEASING = YES;
				CLANG_WARN_BOOL_CONVERSION = YES;
				CLANG_WARN_COMMA = YES;
				CLANG_WARN_CONSTANT_CONVERSION = YES;
				CLANG_WARN_DIRECT_OBJC_ISA_USAGE = YES_ERROR;
				CLANG_WARN_DOCUMENTATION_COMMENTS = YES;
				CLANG_WARN_EMPTY_BODY = YES;
				CLANG_WARN_ENUM_CONVERSION = YES;
				CLANG_WARN_INFINITE_RECURSION = YES;
				CLANG_WARN_INT_CONVERSION = YES;
				CLANG_WARN_NON_LITERAL_NULL_CONVERSION = YES;
				CLANG_WARN_OBJC_LITERAL_CONVERSION = YES;
				CLANG_WARN_OBJC_ROOT_CLASS = YES_ERROR;
				CLANG_WARN_RANGE_LOOP_ANALYSIS = YES;
				CLANG_WARN_STRICT_PROTOTYPES = YES;
				CLANG_WARN_SUSPICIOUS_MOVE = YES;
				CLANG_WARN_UNGUARDED_AVAILABILITY = YES_AGGRESSIVE;
				CLANG_WARN_UNREACHABLE_CODE = YES;
				CLANG_WARN__DUPLICATE_METHOD_MATCH = YES;
				CODE_SIGN_IDENTITY = "iPhone Developer";
				COPY_PHASE_STRIP = NO;
				DEBUG_INFORMATION_FORMAT = dwarf;
				ENABLE_STRICT_OBJC_MSGSEND = YES;
				ENABLE_TESTABILITY = YES;
				GCC_C_LANGUAGE_STANDARD = gnu11;
				GCC_DYNAMIC_NO_PIC = NO;
				GCC_NO_COMMON_BLOCKS = YES;
				GCC_OPTIMIZATION_LEVEL = 0;
				GCC_PREPROCESSOR_DEFINITIONS = (
					"DEBUG=1",
					"$(inherited)",
				);
				GCC_WARN_64_TO_32_BIT_CONVERSION = YES;
				GCC_WARN_ABOUT_RETURN_TYPE = YES_ERROR;
				GCC_WARN_UNDECLARED_SELECTOR = YES;
				GCC_WARN_UNINITIALIZED_AUTOS = YES_AGGRESSIVE;
				GCC_WARN_UNUSED_FUNCTION = YES;
				GCC_WARN_UNUSED_VARIABLE = YES;
				IPHONEOS_DEPLOYMENT_TARGET = 11.2;
				MTL_ENABLE_DEBUG_INFO = YES;
				ONLY_ACTIVE_ARCH = YES;
				SDKROOT = iphoneos;
				SWIFT_ACTIVE_COMPILATION_CONDITIONS = DEBUG;
				SWIFT_OPTIMIZATION_LEVEL = "-Onone";
			};
			name = Debug;
		};
		619645511FF265B400C08647 /* Release */ = {
			isa = XCBuildConfiguration;
			buildSettings = {
				ALWAYS_SEARCH_USER_PATHS = NO;
				CLANG_ANALYZER_NONNULL = YES;
				CLANG_ANALYZER_NUMBER_OBJECT_CONVERSION = YES_AGGRESSIVE;
				CLANG_CXX_LANGUAGE_STANDARD = "gnu++14";
				CLANG_CXX_LIBRARY = "libc++";
				CLANG_ENABLE_MODULES = YES;
				CLANG_ENABLE_OBJC_ARC = YES;
				CLANG_WARN_BLOCK_CAPTURE_AUTORELEASING = YES;
				CLANG_WARN_BOOL_CONVERSION = YES;
				CLANG_WARN_COMMA = YES;
				CLANG_WARN_CONSTANT_CONVERSION = YES;
				CLANG_WARN_DIRECT_OBJC_ISA_USAGE = YES_ERROR;
				CLANG_WARN_DOCUMENTATION_COMMENTS = YES;
				CLANG_WARN_EMPTY_BODY = YES;
				CLANG_WARN_ENUM_CONVERSION = YES;
				CLANG_WARN_INFINITE_RECURSION = YES;
				CLANG_WARN_INT_CONVERSION = YES;
				CLANG_WARN_NON_LITERAL_NULL_CONVERSION = YES;
				CLANG_WARN_OBJC_LITERAL_CONVERSION = YES;
				CLANG_WARN_OBJC_ROOT_CLASS = YES_ERROR;
				CLANG_WARN_RANGE_LOOP_ANALYSIS = YES;
				CLANG_WARN_STRICT_PROTOTYPES = YES;
				CLANG_WARN_SUSPICIOUS_MOVE = YES;
				CLANG_WARN_UNGUARDED_AVAILABILITY = YES_AGGRESSIVE;
				CLANG_WARN_UNREACHABLE_CODE = YES;
				CLANG_WARN__DUPLICATE_METHOD_MATCH = YES;
				CODE_SIGN_IDENTITY = "iPhone Developer";
				COPY_PHASE_STRIP = NO;
				DEBUG_INFORMATION_FORMAT = "dwarf-with-dsym";
				ENABLE_NS_ASSERTIONS = NO;
				ENABLE_STRICT_OBJC_MSGSEND = YES;
				GCC_C_LANGUAGE_STANDARD = gnu11;
				GCC_NO_COMMON_BLOCKS = YES;
				GCC_WARN_64_TO_32_BIT_CONVERSION = YES;
				GCC_WARN_ABOUT_RETURN_TYPE = YES_ERROR;
				GCC_WARN_UNDECLARED_SELECTOR = YES;
				GCC_WARN_UNINITIALIZED_AUTOS = YES_AGGRESSIVE;
				GCC_WARN_UNUSED_FUNCTION = YES;
				GCC_WARN_UNUSED_VARIABLE = YES;
				IPHONEOS_DEPLOYMENT_TARGET = 11.2;
				MTL_ENABLE_DEBUG_INFO = NO;
				SDKROOT = iphoneos;
				SWIFT_OPTIMIZATION_LEVEL = "-Owholemodule";
				VALIDATE_PRODUCT = YES;
			};
			name = Release;
		};
		619645531FF265B400C08647 /* Debug */ = {
			isa = XCBuildConfiguration;
			buildSettings = {
				ASSETCATALOG_COMPILER_APPICON_NAME = AppIcon;
				CODE_SIGN_STYLE = Automatic;
				INFOPLIST_FILE = "$(SRCROOT)/FirebaseExplorer/Application/Info.plist";
				LD_RUNPATH_SEARCH_PATHS = "$(inherited) @executable_path/Frameworks";
				PRODUCT_BUNDLE_IDENTIFIER = com.deuxlapins.FirebaseExplorer;
				PRODUCT_NAME = "$(TARGET_NAME)";
				SWIFT_VERSION = 4.0;
				TARGETED_DEVICE_FAMILY = "1,2";
			};
			name = Debug;
		};
		619645541FF265B400C08647 /* Release */ = {
			isa = XCBuildConfiguration;
			buildSettings = {
				ASSETCATALOG_COMPILER_APPICON_NAME = AppIcon;
				CODE_SIGN_STYLE = Automatic;
				INFOPLIST_FILE = "$(SRCROOT)/FirebaseExplorer/Application/Info.plist";
				LD_RUNPATH_SEARCH_PATHS = "$(inherited) @executable_path/Frameworks";
				PRODUCT_BUNDLE_IDENTIFIER = com.deuxlapins.FirebaseExplorer;
				PRODUCT_NAME = "$(TARGET_NAME)";
				SWIFT_VERSION = 4.0;
				TARGETED_DEVICE_FAMILY = "1,2";
			};
			name = Release;
		};
		619645561FF265B400C08647 /* Debug */ = {
			isa = XCBuildConfiguration;
			buildSettings = {
				ALWAYS_EMBED_SWIFT_STANDARD_LIBRARIES = YES;
				BUNDLE_LOADER = "$(TEST_HOST)";
				CODE_SIGN_STYLE = Automatic;
				INFOPLIST_FILE = FirebaseExplorerTests/Info.plist;
				LD_RUNPATH_SEARCH_PATHS = "$(inherited) @executable_path/Frameworks @loader_path/Frameworks";
				PRODUCT_BUNDLE_IDENTIFIER = com.deuxlapins.FirebaseExplorerTests;
				PRODUCT_NAME = "$(TARGET_NAME)";
				SWIFT_VERSION = 4.0;
				TARGETED_DEVICE_FAMILY = "1,2";
				TEST_HOST = "$(BUILT_PRODUCTS_DIR)/FirebaseExplorer.app/FirebaseExplorer";
			};
			name = Debug;
		};
		619645571FF265B400C08647 /* Release */ = {
			isa = XCBuildConfiguration;
			buildSettings = {
				ALWAYS_EMBED_SWIFT_STANDARD_LIBRARIES = YES;
				BUNDLE_LOADER = "$(TEST_HOST)";
				CODE_SIGN_STYLE = Automatic;
				INFOPLIST_FILE = FirebaseExplorerTests/Info.plist;
				LD_RUNPATH_SEARCH_PATHS = "$(inherited) @executable_path/Frameworks @loader_path/Frameworks";
				PRODUCT_BUNDLE_IDENTIFIER = com.deuxlapins.FirebaseExplorerTests;
				PRODUCT_NAME = "$(TARGET_NAME)";
				SWIFT_VERSION = 4.0;
				TARGETED_DEVICE_FAMILY = "1,2";
				TEST_HOST = "$(BUILT_PRODUCTS_DIR)/FirebaseExplorer.app/FirebaseExplorer";
			};
			name = Release;
		};
		619645591FF265B400C08647 /* Debug */ = {
			isa = XCBuildConfiguration;
			buildSettings = {
				ALWAYS_EMBED_SWIFT_STANDARD_LIBRARIES = YES;
				CODE_SIGN_STYLE = Automatic;
				INFOPLIST_FILE = FirebaseExplorerUITests/Info.plist;
				LD_RUNPATH_SEARCH_PATHS = "$(inherited) @executable_path/Frameworks @loader_path/Frameworks";
				PRODUCT_BUNDLE_IDENTIFIER = com.deuxlapins.FirebaseExplorerUITests;
				PRODUCT_NAME = "$(TARGET_NAME)";
				SWIFT_VERSION = 4.0;
				TARGETED_DEVICE_FAMILY = "1,2";
				TEST_TARGET_NAME = FirebaseExplorer;
			};
			name = Debug;
		};
		6196455A1FF265B400C08647 /* Release */ = {
			isa = XCBuildConfiguration;
			buildSettings = {
				ALWAYS_EMBED_SWIFT_STANDARD_LIBRARIES = YES;
				CODE_SIGN_STYLE = Automatic;
				INFOPLIST_FILE = FirebaseExplorerUITests/Info.plist;
				LD_RUNPATH_SEARCH_PATHS = "$(inherited) @executable_path/Frameworks @loader_path/Frameworks";
				PRODUCT_BUNDLE_IDENTIFIER = com.deuxlapins.FirebaseExplorerUITests;
				PRODUCT_NAME = "$(TARGET_NAME)";
				SWIFT_VERSION = 4.0;
				TARGETED_DEVICE_FAMILY = "1,2";
				TEST_TARGET_NAME = FirebaseExplorer;
			};
			name = Release;
		};
/* End XCBuildConfiguration section */

/* Begin XCConfigurationList section */
		619645251FF265B300C08647 /* Build configuration list for PBXProject "FirebaseExplorer" */ = {
			isa = XCConfigurationList;
			buildConfigurations = (
				619645501FF265B400C08647 /* Debug */,
				619645511FF265B400C08647 /* Release */,
			);
			defaultConfigurationIsVisible = 0;
			defaultConfigurationName = Release;
		};
		619645521FF265B400C08647 /* Build configuration list for PBXNativeTarget "FirebaseExplorer" */ = {
			isa = XCConfigurationList;
			buildConfigurations = (
				619645531FF265B400C08647 /* Debug */,
				619645541FF265B400C08647 /* Release */,
			);
			defaultConfigurationIsVisible = 0;
			defaultConfigurationName = Release;
		};
		619645551FF265B400C08647 /* Build configuration list for PBXNativeTarget "FirebaseExplorerTests" */ = {
			isa = XCConfigurationList;
			buildConfigurations = (
				619645561FF265B400C08647 /* Debug */,
				619645571FF265B400C08647 /* Release */,
			);
			defaultConfigurationIsVisible = 0;
			defaultConfigurationName = Release;
		};
		619645581FF265B400C08647 /* Build configuration list for PBXNativeTarget "FirebaseExplorerUITests" */ = {
			isa = XCConfigurationList;
			buildConfigurations = (
				619645591FF265B400C08647 /* Debug */,
				6196455A1FF265B400C08647 /* Release */,
			);
			defaultConfigurationIsVisible = 0;
			defaultConfigurationName = Release;
		};
/* End XCConfigurationList section */
	};
	rootObject = 619645221FF265B300C08647 /* Project object */;
}
